#
# This file is autogenerated by pip-compile with Python 3.12
# by the following command:
#
#    pip-compile --output-file=requirements.lock requirements.in
#
--index-url https://pypi.tuna.tsinghua.edu.cn/simple
--trusted-host pypi.tuna.tsinghua.edu.cn

aiohappyeyeballs==2.6.1
    # via aiohttp
aiohttp==3.13.3
    # via edge-tts
aiosignal==1.4.0
    # via aiohttp
annotated-types==0.7.0
    # via pydantic
anyio==4.12.1
    # via
    #   httpx
    #   openai
attrs==25.4.0
    # via aiohttp
certifi==2026.2.25
    # via
    #   edge-tts
    #   httpcore
    #   httpx
    #   requests
charset-normalizer==3.4.4
    # via requests
colorama==0.4.6
    # via
    #   loguru
    #   tqdm
distro==1.9.0
    # via openai
edge-tts==7.2.7
    # via -r requirements.in
frozenlist==1.8.0
    # via
    #   aiohttp
    #   aiosignal
h11==0.16.0
    # via httpcore
httpcore==1.0.9
    # via httpx
httpx==0.28.1
    # via
    #   langgraph-sdk
    #   langsmith
    #   openai
idna==3.11
    # via
    #   anyio
    #   httpx
    #   requests
    #   yarl
jiter==0.13.0
    # via openai
jsonpatch==1.33
    # via langchain-core
jsonpointer==3.0.0
    # via jsonpatch
langchain==1.2.10
    # via -r requirements.in
langchain-core==1.2.15
    # via
    #   langchain
    #   langgraph
    #   langgraph-checkpoint
    #   langgraph-prebuilt
langgraph==1.0.9
    # via
    #   -r requirements.in
    #   langchain
langgraph-checkpoint==4.0.0
    # via
    #   langgraph
    #   langgraph-prebuilt
langgraph-prebuilt==1.0.8
    # via langgraph
langgraph-sdk==0.3.9
    # via langgraph
langsmith==0.7.6
    # via langchain-core
loguru==0.7.3
    # via -r requirements.in
mouseinfo==0.1.3
    # via pyautogui
multidict==6.7.1
    # via
    #   aiohttp
    #   yarl
numpy==2.4.2
    # via -r requirements.in
openai==2.24.0
    # via -r requirements.in
orjson==3.11.7
    # via
    #   langgraph-sdk
    #   langsmith
ormsgpack==1.12.2
    # via langgraph-checkpoint
packaging==26.0
    # via
    #   langchain-core
    #   langsmith
pillow==12.1.1
    # via -r requirements.in
propcache==0.4.1
    # via
    #   aiohttp
    #   yarl
pyautogui==0.9.54
    # via -r requirements.in
pydantic==2.12.5
    # via
    #   -r requirements.in
    #   langchain
    #   langchain-core
    #   langgraph
    #   langsmith
    #   openai
pydantic-core==2.41.5
    # via pydantic
pygetwindow==0.0.9
    # via pyautogui
pymsgbox==2.0.1
    # via pyautogui
pyperclip==1.11.0
    # via mouseinfo
pyrect==0.2.0
    # via pygetwindow
pyscreeze==1.0.1
    # via pyautogui
pyside6==6.10.2
    # via -r requirements.in
pyside6-addons==6.10.2
    # via pyside6
pyside6-essentials==6.10.2
    # via
    #   pyside6
    #   pyside6-addons
python-dotenv==1.2.1
    # via -r requirements.in
pytweening==1.2.0
    # via pyautogui
pyyaml==6.0.3
    # via
    #   -r requirements.in
    #   langchain-core
requests==2.32.5
    # via
    #   -r requirements.in
    #   langsmith
    #   requests-toolbelt
requests-toolbelt==1.0.0
    # via langsmith
shiboken6==6.10.2
    # via
    #   pyside6
    #   pyside6-addons
    #   pyside6-essentials
sniffio==1.3.1
    # via openai
tabulate==0.9.0
    # via edge-tts
tenacity==9.1.4
    # via langchain-core
tqdm==4.67.3
    # via openai
typing-extensions==4.15.0
    # via
    #   aiosignal
    #   anyio
    #   edge-tts
    #   langchain-core
    #   openai
    #   pydantic
    #   pydantic-core
    #   typing-inspection
typing-inspection==0.4.2
    # via pydantic
urllib3==2.6.3
    # via requests
uuid-utils==0.14.1
    # via
    #   langchain-core
    #   langsmith
websockets==16.0
    # via -r requirements.in
win32-setctime==1.2.0
    # via loguru
xxhash==3.6.0
    # via
    #   langgraph
    #   langsmith
yarl==1.22.0
    # via aiohttp
zstandard==0.25.0
    # via langsmith
